
Microsoft Visual Studio Solution File, Format Version 12.00
# Visual Studio 15
VisualStudioVersion = 15.0.28010.2003
MinimumVisualStudioVersion = 10.0.40219.1
Project("{FAE04EC0-301F-11D3-BF4B-00C04F79EFBC}") = "Viewer", "Viewer\Viewer.csproj", "{656C5067-374B-405C-9AF3-15A66EAB0CE0}"
EndProject
Project("{FAE04EC0-301F-11D3-BF4B-00C04F79EFBC}") = "Reader", "Reader\Reader.csproj", "{DFFF0789-1F82-405A-958C-0E69DDB8C28C}"
EndProject
Project("{FAE04EC0-301F-11D3-BF4B-00C04F79EFBC}") = "Shared", "Shared\Shared.csproj", "{7CBA75B6-80E4-4D46-AA2F-BA3AA732950B}"
EndProject
Project("{FAE04EC0-301F-11D3-BF4B-00C04F79EFBC}") = "Reader.Test", "Reader.Test\Reader.Test.csproj", "{AD4CF123-D846-419C-BA16-A5DD6D281A72}"
EndProject
Project("{FAE04EC0-301F-11D3-BF4B-00C04F79EFBC}") = "BasicViews", "BasicViews\BasicViews.csproj", "{6AAE85B7-737E-4497-85C6-10451A45362C}"
EndProject
Global
	GlobalSection(SolutionConfigurationPlatforms) = preSolution
		Debug|Any CPU = Debug|Any CPU
		Release|Any CPU = Release|Any CPU
	EndGlobalSection
	GlobalSection(ProjectConfigurationPlatforms) = postSolution
		{656C5067-374B-405C-9AF3-15A66EAB0CE0}.Debug|Any CPU.ActiveCfg = Debug|Any CPU
		{656C5067-374B-405C-9AF3-15A66EAB0CE0}.Debug|Any CPU.Build.0 = Debug|Any CPU
		{656C5067-374B-405C-9AF3-15A66EAB0CE0}.Release|Any CPU.ActiveCfg = Release|Any CPU
		{656C5067-374B-405C-9AF3-15A66EAB0CE0}.Release|Any CPU.Build.0 = Release|Any CPU
		{DFFF0789-1F82-405A-958C-0E69DDB8C28C}.Debug|Any CPU.ActiveCfg = Debug|Any CPU
		{DFFF0789-1F82-405A-958C-0E69DDB8C28C}.Debug|Any CPU.Build.0 = Debug|Any CPU
		{DFFF0789-1F82-405A-958C-0E69DDB8C28C}.Release|Any CPU.ActiveCfg = Release|Any CPU
		{DFFF0789-1F82-405A-958C-0E69DDB8C28C}.Release|Any CPU.Build.0 = Release|Any CPU
		{7CBA75B6-80E4-4D46-AA2F-BA3AA732950B}.Debug|Any CPU.ActiveCfg = Debug|Any CPU
		{7CBA75B6-80E4-4D46-AA2F-BA3AA732950B}.Debug|Any CPU.Build.0 = Debug|Any CPU
		{7CBA75B6-80E4-4D46-AA2F-BA3AA732950B}.Release|Any CPU.ActiveCfg = Release|Any CPU
		{7CBA75B6-80E4-4D46-AA2F-BA3AA732950B}.Release|Any CPU.Build.0 = Release|Any CPU
		{AD4CF123-D846-419C-BA16-A5DD6D281A72}.Debug|Any CPU.ActiveCfg = Debug|Any CPU
		{AD4CF123-D846-419C-BA16-A5DD6D281A72}.Debug|Any CPU.Build.0 = Debug|Any CPU
		{AD4CF123-D846-419C-BA16-A5DD6D281A72}.Release|Any CPU.ActiveCfg = Release|Any CPU
		{AD4CF123-D846-419C-BA16-A5DD6D281A72}.Release|Any CPU.Build.0 = Release|Any CPU
		{6AAE85B7-737E-4497-85C6-10451A45362C}.Debug|Any CPU.ActiveCfg = Debug|Any CPU
		{6AAE85B7-737E-4497-85C6-10451A45362C}.Debug|Any CPU.Build.0 = Debug|Any CPU
		{6AAE85B7-737E-4497-85C6-10451A45362C}.Release|Any CPU.ActiveCfg = Release|Any CPU
		{6AAE85B7-737E-4497-85C6-10451A45362C}.Release|Any CPU.Build.0 = Release|Any CPU
	EndGlobalSection
	GlobalSection(SolutionProperties) = preSolution
		HideSolutionNode = FALSE
	EndGlobalSection
	GlobalSection(ExtensibilityGlobals) = postSolution
		SolutionGuid = {47751025-EF8B-427E-9EB8-903D1564D9E4}
	EndGlobalSection
EndGlobal
